
Microsoft Visual Studio Solution File, Format Version 12.00
# Visual Studio Version 17
VisualStudioVersion = 17.0.31903.59
MinimumVisualStudioVersion = 10.0.40219.1
Project("{2150E333-8FDC-42A3-9474-1A3956D46DE8}") = "src", "src", "{C749FDEF-717F-4290-9C44-5DCEF1EF2BD9}"
EndProject
Project("{FAE04EC0-301F-11D3-BF4B-00C04F79EFBC}") = "TodoApi", "src\TodoApi\TodoApi.csproj", "{3C69551C-D60E-4D16-AFAC-75063B0789FF}"
EndProject
Project("{2150E333-8FDC-42A3-9474-1A3956D46DE8}") = "tests", "tests", "{1BEDEB83-4AA1-4326-B649-BF7CE366EB7E}"
EndProject
Project("{FAE04EC0-301F-11D3-BF4B-00C04F79EFBC}") = "TodoApi.Tests", "tests\TodoApi.Tests\TodoApi.Tests.csproj", "{315D789C-5D7D-4583-A362-2CCF500BC996}"
EndProject
Global
	GlobalSection(SolutionConfigurationPlatforms) = preSolution
		Debug|Any CPU = Debug|Any CPU
		Release|Any CPU = Release|Any CPU
	EndGlobalSection
	GlobalSection(SolutionProperties) = preSolution
		HideSolutionNode = FALSE
	EndGlobalSection
	GlobalSection(ProjectConfigurationPlatforms) = postSolution
		{3C69551C-D60E-4D16-AFAC-75063B0789FF}.Debug|Any CPU.ActiveCfg = Debug|Any CPU
		{3C69551C-D60E-4D16-AFAC-75063B0789FF}.Debug|Any CPU.Build.0 = Debug|Any CPU
		{3C69551C-D60E-4D16-AFAC-75063B0789FF}.Release|Any CPU.ActiveCfg = Release|Any CPU
		{3C69551C-D60E-4D16-AFAC-75063B0789FF}.Release|Any CPU.Build.0 = Release|Any CPU
		{315D789C-5D7D-4583-A362-2CCF500BC996}.Debug|Any CPU.ActiveCfg = Debug|Any CPU
		{315D789C-5D7D-4583-A362-2CCF500BC996}.Debug|Any CPU.Build.0 = Debug|Any CPU
		{315D789C-5D7D-4583-A362-2CCF500BC996}.Release|Any CPU.ActiveCfg = Release|Any CPU
		{315D789C-5D7D-4583-A362-2CCF500BC996}.Release|Any CPU.Build.0 = Release|Any CPU
	EndGlobalSection
	GlobalSection(NestedProjects) = preSolution
		{3C69551C-D60E-4D16-AFAC-75063B0789FF} = {C749FDEF-717F-4290-9C44-5DCEF1EF2BD9}
		{315D789C-5D7D-4583-A362-2CCF500BC996} = {1BEDEB83-4AA1-4326-B649-BF7CE366EB7E}
	EndGlobalSection
EndGlobal
